
Microsoft Visual Studio Solution File, Format Version 12.00
# Visual Studio Version 16
VisualStudioVersion = 16.0.30309.148
MinimumVisualStudioVersion = 10.0.40219.1
Project("{9A19103F-16F7-4668-BE54-9A1E7A4F7556}") = "localstorage_to_s3bucket", "localstorage_to_s3bucket.csproj", "{A39C0E7B-3236-421E-9603-2829140807E3}"
EndProject
Global
	GlobalSection(SolutionConfigurationPlatforms) = preSolution
		Debug|Any CPU = Debug|Any CPU
		Release|Any CPU = Release|Any CPU
	EndGlobalSection
	GlobalSection(ProjectConfigurationPlatforms) = postSolution
		{A39C0E7B-3236-421E-9603-2829140807E3}.Debug|Any CPU.ActiveCfg = Debug|Any CPU
		{A39C0E7B-3236-421E-9603-2829140807E3}.Debug|Any CPU.Build.0 = Debug|Any CPU
		{A39C0E7B-3236-421E-9603-2829140807E3}.Release|Any CPU.ActiveCfg = Release|Any CPU
		{A39C0E7B-3236-421E-9603-2829140807E3}.Release|Any CPU.Build.0 = Release|Any CPU
	EndGlobalSection
	GlobalSection(SolutionProperties) = preSolution
		HideSolutionNode = FALSE
	EndGlobalSection
	GlobalSection(ExtensibilityGlobals) = postSolution
		SolutionGuid = {0B033D63-B45E-447B-B3DF-6D8879845037}
	EndGlobalSection
EndGlobal
